
Microsoft Visual Studio Solution File, Format Version 9.00
# Visual Studio 2005
Project("{8BC9CEB8-8B4A-11D0-8D11-00A0C91BC942}") = "font_conv", "font_conv.vcproj", "{BED3F347-EB4D-490D-AF35-FFD468DDD896}"
EndProject
Global
	GlobalSection(SolutionConfigurationPlatforms) = preSolution
		Debug|Win32 = Debug|Win32
		Release|Win32 = Release|Win32
	EndGlobalSection
	GlobalSection(ProjectConfigurationPlatforms) = postSolution
		{BED3F347-EB4D-490D-AF35-FFD468DDD896}.Debug|Win32.ActiveCfg = Debug|Win32
		{BED3F347-EB4D-490D-AF35-FFD468DDD896}.Debug|Win32.Build.0 = Debug|Win32
		{BED3F347-EB4D-490D-AF35-FFD468DDD896}.Release|Win32.ActiveCfg = Release|Win32
		{BED3F347-EB4D-490D-AF35-FFD468DDD896}.Release|Win32.Build.0 = Release|Win32
	EndGlobalSection
	GlobalSection(SolutionProperties) = preSolution
		HideSolutionNode = FALSE
	EndGlobalSection
EndGlobal
